
Microsoft Visual Studio Solution File, Format Version 12.00
# Visual Studio 15
VisualStudioVersion = 15.0.28010.2046
MinimumVisualStudioVersion = 10.0.40219.1
Project("{FAE04EC0-301F-11D3-BF4B-00C04F79EFBC}") = "GSeatControllerCore", "GSeatControllerCore\GSeatControllerCore.csproj", "{A52BC121-8A76-4714-B059-2A897AC7856E}"
EndProject
Project("{FAE04EC0-301F-11D3-BF4B-00C04F79EFBC}") = "GSeatInfrastructure", "GSeatInfrastructure\GSeatInfrastructure.csproj", "{CF5F7A4A-E1F2-48C1-8C27-C9B756DF1F9F}"
EndProject
Project("{FAE04EC0-301F-11D3-BF4B-00C04F79EFBC}") = "McPitGSeat", "McPitGSeat\McPitGSeat.csproj", "{2B59EA4B-78E8-4D82-A7A0-53DCCF036C67}"
EndProject
Project("{54435603-DBB4-11D2-8724-00A0C9A8B90C}") = "GSeatController Installer", "GSeatController Installer\GSeatController Installer.vdproj", "{0DCD5634-A954-41FF-8074-5140127D7D4A}"
EndProject
Global
	GlobalSection(SolutionConfigurationPlatforms) = preSolution
		Debug|Any CPU = Debug|Any CPU
		Release|Any CPU = Release|Any CPU
	EndGlobalSection
	GlobalSection(ProjectConfigurationPlatforms) = postSolution
		{A52BC121-8A76-4714-B059-2A897AC7856E}.Debug|Any CPU.ActiveCfg = Debug|Any CPU
		{A52BC121-8A76-4714-B059-2A897AC7856E}.Debug|Any CPU.Build.0 = Debug|Any CPU
		{A52BC121-8A76-4714-B059-2A897AC7856E}.Release|Any CPU.ActiveCfg = Release|Any CPU
		{A52BC121-8A76-4714-B059-2A897AC7856E}.Release|Any CPU.Build.0 = Release|Any CPU
		{CF5F7A4A-E1F2-48C1-8C27-C9B756DF1F9F}.Debug|Any CPU.ActiveCfg = Debug|Any CPU
		{CF5F7A4A-E1F2-48C1-8C27-C9B756DF1F9F}.Debug|Any CPU.Build.0 = Debug|Any CPU
		{CF5F7A4A-E1F2-48C1-8C27-C9B756DF1F9F}.Release|Any CPU.ActiveCfg = Release|Any CPU
		{CF5F7A4A-E1F2-48C1-8C27-C9B756DF1F9F}.Release|Any CPU.Build.0 = Release|Any CPU
		{2B59EA4B-78E8-4D82-A7A0-53DCCF036C67}.Debug|Any CPU.ActiveCfg = Debug|Any CPU
		{2B59EA4B-78E8-4D82-A7A0-53DCCF036C67}.Debug|Any CPU.Build.0 = Debug|Any CPU
		{2B59EA4B-78E8-4D82-A7A0-53DCCF036C67}.Release|Any CPU.ActiveCfg = Release|Any CPU
		{2B59EA4B-78E8-4D82-A7A0-53DCCF036C67}.Release|Any CPU.Build.0 = Release|Any CPU
		{0DCD5634-A954-41FF-8074-5140127D7D4A}.Debug|Any CPU.ActiveCfg = Debug
		{0DCD5634-A954-41FF-8074-5140127D7D4A}.Release|Any CPU.ActiveCfg = Release
	EndGlobalSection
	GlobalSection(SolutionProperties) = preSolution
		HideSolutionNode = FALSE
	EndGlobalSection
	GlobalSection(ExtensibilityGlobals) = postSolution
		SolutionGuid = {2494C7D3-D34F-4667-8F6C-FB5499D6E11B}
	EndGlobalSection
EndGlobal
